
Microsoft Visual Studio Solution File, Format Version 12.00
# Visual Studio Version 16
VisualStudioVersion = 16.0.30028.174
MinimumVisualStudioVersion = 10.0.40219.1
Project("{9A19103F-16F7-4668-BE54-9A1E7A4F7556}") = "Standprof.OpenWeather.Tests.API", "Standprof.OpenWeather.Tests.API\Standprof.OpenWeather.Tests.API.csproj", "{635F1037-2E0E-4D8C-9E05-949762F08933}"
EndProject
Global
	GlobalSection(SolutionConfigurationPlatforms) = preSolution
		Debug|Any CPU = Debug|Any CPU
		Release|Any CPU = Release|Any CPU
	EndGlobalSection
	GlobalSection(ProjectConfigurationPlatforms) = postSolution
		{635F1037-2E0E-4D8C-9E05-949762F08933}.Debug|Any CPU.ActiveCfg = Debug|Any CPU
		{635F1037-2E0E-4D8C-9E05-949762F08933}.Debug|Any CPU.Build.0 = Debug|Any CPU
		{635F1037-2E0E-4D8C-9E05-949762F08933}.Release|Any CPU.ActiveCfg = Release|Any CPU
		{635F1037-2E0E-4D8C-9E05-949762F08933}.Release|Any CPU.Build.0 = Release|Any CPU
	EndGlobalSection
	GlobalSection(SolutionProperties) = preSolution
		HideSolutionNode = FALSE
	EndGlobalSection
	GlobalSection(ExtensibilityGlobals) = postSolution
		SolutionGuid = {3891193E-38A3-43DF-BE30-CDF71662F361}
	EndGlobalSection
EndGlobal
